
Microsoft Visual Studio Solution File, Format Version 12.00
Project("{FAE04EC0-301F-11D3-BF4B-00C04F79EFBC}") = "MaxTemp.App", "MaxTemp.App\MaxTemp.App.csproj", "{B7C0A79A-878F-479D-A635-3B3725EFE679}"
EndProject
Project("{FAE04EC0-301F-11D3-BF4B-00C04F79EFBC}") = "MaxTemp.UnitTest", "MaxTemp.UnitTest\MaxTemp.UnitTest.csproj", "{83287487-2EE4-4410-8179-AF062E05A4A1}"
EndProject
Project("{FAE04EC0-301F-11D3-BF4B-00C04F79EFBC}") = "MaxTemp.Logic", "MaxTemp.Logic\MaxTemp.Logic.csproj", "{A5EF2CF7-6746-4A20-AC07-41F0FE832F8D}"
EndProject
Project("{FAE04EC0-301F-11D3-BF4B-00C04F79EFBC}") = "MaxTemp.Data", "MaxTemp.Data\MaxTemp.Data.csproj", "{FA29F07E-2785-4D23-882E-16D979AD624C}"
EndProject
Project("{FAE04EC0-301F-11D3-BF4B-00C04F79EFBC}") = "MaxTemp.Playground", "MaxTemp.Playground\MaxTemp.Playground.csproj", "{A13E06C5-72D9-44E6-B442-5FA55EF51167}"
EndProject
Project("{FAE04EC0-301F-11D3-BF4B-00C04F79EFBC}") = "MaxTemp.Common", "MaxTemp.Common\MaxTemp.Common.csproj", "{DB44F29B-7708-4FB0-B567-9B50A3988670}"
EndProject
Global
	GlobalSection(SolutionConfigurationPlatforms) = preSolution
		Debug|Any CPU = Debug|Any CPU
		Release|Any CPU = Release|Any CPU
	EndGlobalSection
	GlobalSection(ProjectConfigurationPlatforms) = postSolution
		{B7C0A79A-878F-479D-A635-3B3725EFE679}.Debug|Any CPU.ActiveCfg = Debug|Any CPU
		{B7C0A79A-878F-479D-A635-3B3725EFE679}.Debug|Any CPU.Build.0 = Debug|Any CPU
		{B7C0A79A-878F-479D-A635-3B3725EFE679}.Release|Any CPU.ActiveCfg = Release|Any CPU
		{B7C0A79A-878F-479D-A635-3B3725EFE679}.Release|Any CPU.Build.0 = Release|Any CPU
		{83287487-2EE4-4410-8179-AF062E05A4A1}.Debug|Any CPU.ActiveCfg = Debug|Any CPU
		{83287487-2EE4-4410-8179-AF062E05A4A1}.Debug|Any CPU.Build.0 = Debug|Any CPU
		{83287487-2EE4-4410-8179-AF062E05A4A1}.Release|Any CPU.ActiveCfg = Release|Any CPU
		{83287487-2EE4-4410-8179-AF062E05A4A1}.Release|Any CPU.Build.0 = Release|Any CPU
		{A5EF2CF7-6746-4A20-AC07-41F0FE832F8D}.Debug|Any CPU.ActiveCfg = Debug|Any CPU
		{A5EF2CF7-6746-4A20-AC07-41F0FE832F8D}.Debug|Any CPU.Build.0 = Debug|Any CPU
		{A5EF2CF7-6746-4A20-AC07-41F0FE832F8D}.Release|Any CPU.ActiveCfg = Release|Any CPU
		{A5EF2CF7-6746-4A20-AC07-41F0FE832F8D}.Release|Any CPU.Build.0 = Release|Any CPU
		{FA29F07E-2785-4D23-882E-16D979AD624C}.Debug|Any CPU.ActiveCfg = Debug|Any CPU
		{FA29F07E-2785-4D23-882E-16D979AD624C}.Debug|Any CPU.Build.0 = Debug|Any CPU
		{FA29F07E-2785-4D23-882E-16D979AD624C}.Release|Any CPU.ActiveCfg = Release|Any CPU
		{FA29F07E-2785-4D23-882E-16D979AD624C}.Release|Any CPU.Build.0 = Release|Any CPU
		{A13E06C5-72D9-44E6-B442-5FA55EF51167}.Debug|Any CPU.ActiveCfg = Debug|Any CPU
		{A13E06C5-72D9-44E6-B442-5FA55EF51167}.Debug|Any CPU.Build.0 = Debug|Any CPU
		{A13E06C5-72D9-44E6-B442-5FA55EF51167}.Release|Any CPU.ActiveCfg = Release|Any CPU
		{A13E06C5-72D9-44E6-B442-5FA55EF51167}.Release|Any CPU.Build.0 = Release|Any CPU
		{DB44F29B-7708-4FB0-B567-9B50A3988670}.Debug|Any CPU.ActiveCfg = Debug|Any CPU
		{DB44F29B-7708-4FB0-B567-9B50A3988670}.Debug|Any CPU.Build.0 = Debug|Any CPU
		{DB44F29B-7708-4FB0-B567-9B50A3988670}.Release|Any CPU.ActiveCfg = Release|Any CPU
		{DB44F29B-7708-4FB0-B567-9B50A3988670}.Release|Any CPU.Build.0 = Release|Any CPU
	EndGlobalSection
EndGlobal
